
Microsoft Visual Studio Solution File, Format Version 12.00
# Visual Studio Version 17
VisualStudioVersion = 17.6.33815.320
MinimumVisualStudioVersion = 10.0.40219.1
Project("{FAE04EC0-301F-11D3-BF4B-00C04F79EFBC}") = "AppWebMvc", "AppWebMvc\AppWebMvc.csproj", "{2198292D-63FC-48A5-A637-9EAB33790F4B}"
EndProject
Global
	GlobalSection(SolutionConfigurationPlatforms) = preSolution
		Debug|Any CPU = Debug|Any CPU
		Release|Any CPU = Release|Any CPU
	EndGlobalSection
	GlobalSection(ProjectConfigurationPlatforms) = postSolution
		{2198292D-63FC-48A5-A637-9EAB33790F4B}.Debug|Any CPU.ActiveCfg = Debug|Any CPU
		{2198292D-63FC-48A5-A637-9EAB33790F4B}.Debug|Any CPU.Build.0 = Debug|Any CPU
		{2198292D-63FC-48A5-A637-9EAB33790F4B}.Release|Any CPU.ActiveCfg = Release|Any CPU
		{2198292D-63FC-48A5-A637-9EAB33790F4B}.Release|Any CPU.Build.0 = Release|Any CPU
	EndGlobalSection
	GlobalSection(SolutionProperties) = preSolution
		HideSolutionNode = FALSE
	EndGlobalSection
	GlobalSection(ExtensibilityGlobals) = postSolution
		SolutionGuid = {7B05F61C-3FAB-4E00-BC6B-C63AFE3E5478}
	EndGlobalSection
EndGlobal
